
Microsoft Visual Studio Solution File, Format Version 12.00
# Visual Studio Version 17
VisualStudioVersion = 17.2.32630.192
MinimumVisualStudioVersion = 10.0.40219.1
Project("{FAE04EC0-301F-11D3-BF4B-00C04F79EFBC}") = "WebApiAutores", "WebApiAutores\WebApiAutores.csproj", "{CF57F200-4A54-42E5-B169-1DE63FF2ECBE}"
EndProject
Global
	GlobalSection(SolutionConfigurationPlatforms) = preSolution
		Debug|Any CPU = Debug|Any CPU
		Release|Any CPU = Release|Any CPU
	EndGlobalSection
	GlobalSection(ProjectConfigurationPlatforms) = postSolution
		{CF57F200-4A54-42E5-B169-1DE63FF2ECBE}.Debug|Any CPU.ActiveCfg = Debug|Any CPU
		{CF57F200-4A54-42E5-B169-1DE63FF2ECBE}.Debug|Any CPU.Build.0 = Debug|Any CPU
		{CF57F200-4A54-42E5-B169-1DE63FF2ECBE}.Release|Any CPU.ActiveCfg = Release|Any CPU
		{CF57F200-4A54-42E5-B169-1DE63FF2ECBE}.Release|Any CPU.Build.0 = Release|Any CPU
	EndGlobalSection
	GlobalSection(SolutionProperties) = preSolution
		HideSolutionNode = FALSE
	EndGlobalSection
	GlobalSection(ExtensibilityGlobals) = postSolution
		SolutionGuid = {393D2F7F-B1C9-4D84-9726-DA8BFFB89F68}
	EndGlobalSection
EndGlobal
